{
  "version": 4,
  "terraform_version": "1.8.3",
  "serial": 14,
  "lineage": "9cdb7141-7635-0050-f553-6e0754192f1d",
  "outputs": {},
  "resources": [
    {
      "mode": "managed",
      "type": "snowflake_account",
      "name": "beta_account",
      "provider": "provider[\"registry.terraform.io/snowflake-labs/snowflake\"].orgadmin",
      "instances": [
        {
          "schema_version": 0,
          "attributes": {
            "admin_name": "BetaNXT",
            "admin_password": "Beta57890",
            "admin_rsa_public_key": null,
            "comment": "Testing account functionality",
            "edition": "ENTERPRISE",
            "email": "miranda.reyes@betanxt.com",
            "first_name": null,
            "grace_period_in_days": 3,
            "id": "DFB77381",
            "is_org_admin": false,
            "last_name": null,
            "must_change_password": true,
            "name": "BETANXT_ACCOUNT",
            "region": "AWS_US_EAST_1",
            "region_group": ""
          },
          "sensitive_attributes": [
            [
              {
                "type": "get_attr",
                "value": "first_name"
              }
            ],
            [
              {
                "type": "get_attr",
                "value": "email"
              }
            ],
            [
              {
                "type": "get_attr",
                "value": "admin_rsa_public_key"
              }
            ],
            [
              {
                "type": "get_attr",
                "value": "admin_password"
              }
            ],
            [
              {
                "type": "get_attr",
                "value": "last_name"
              }
            ]
          ],
          "private": "bnVsbA=="
        }
      ]
    },
    {
      "mode": "managed",
      "type": "snowflake_database",
      "name": "simple",
      "provider": "provider[\"registry.terraform.io/snowflake-labs/snowflake\"]",
      "instances": [
        {
          "schema_version": 0,
          "attributes": {
            "comment": "This database will be used for testing code",
            "data_retention_time_in_days": 3,
            "from_database": null,
            "from_replica": null,
            "from_share": null,
            "id": "BETA_DB_TEST",
            "is_transient": false,
            "name": "BETA_DB_TEST",
            "replication_configuration": []
          },
          "sensitive_attributes": [],
          "private": "bnVsbA=="
        }
      ]
    },
    {
      "mode": "managed",
      "type": "snowflake_grant_account_role",
      "name": "grant_role_to_user",
      "provider": "provider[\"registry.terraform.io/snowflake-labs/snowflake\"].accountadmin",
      "instances": [
        {
          "schema_version": 0,
          "attributes": {
            "id": "\"BETA_DEVELOPER\"|USER|\"TEST_USER\"",
            "parent_role_name": null,
            "role_name": "BETA_DEVELOPER",
            "user_name": "TEST_USER"
          },
          "sensitive_attributes": [
            [
              {
                "type": "get_attr",
                "value": "user_name"
              }
            ]
          ],
          "private": "bnVsbA==",
          "dependencies": [
            "snowflake_role.beta_role",
            "snowflake_user.user_beta"
          ]
        }
      ]
    },
    {
      "mode": "managed",
      "type": "snowflake_grant_privileges_to_account_role",
      "name": "example_account",
      "provider": "provider[\"registry.terraform.io/snowflake-labs/snowflake\"].accountadmin",
      "instances": [
        {
          "schema_version": 0,
          "attributes": {
            "account_role_name": "ACCOUNTADMIN",
            "all_privileges": false,
            "always_apply": false,
            "always_apply_trigger": null,
            "id": "\"ACCOUNTADMIN\"|false|false|CREATE USER,CREATE DATABASE|OnAccount",
            "on_account": true,
            "on_account_object": [],
            "on_schema": [],
            "on_schema_object": [],
            "privileges": [
              "CREATE DATABASE",
              "CREATE USER"
            ],
            "with_grant_option": false
          },
          "sensitive_attributes": [],
          "private": "bnVsbA=="
        }
      ]
    },
    {
      "mode": "managed",
      "type": "snowflake_grant_privileges_to_account_role",
      "name": "grant_db_to_role",
      "provider": "provider[\"registry.terraform.io/snowflake-labs/snowflake\"]",
      "instances": [
        {
          "schema_version": 0,
          "attributes": {
            "account_role_name": "BETA_DEVELOPER",
            "all_privileges": false,
            "always_apply": false,
            "always_apply_trigger": null,
            "id": "\"BETA_DEVELOPER\"|false|false|CREATE DATABASE ROLE,CREATE SCHEMA,USAGE|OnAccountObject|DATABASE|\"BETA_DB_TEST\"",
            "on_account": false,
            "on_account_object": [
              {
                "object_name": "BETA_DB_TEST",
                "object_type": "DATABASE"
              }
            ],
            "on_schema": [],
            "on_schema_object": [],
            "privileges": [
              "CREATE DATABASE ROLE",
              "CREATE SCHEMA",
              "USAGE"
            ],
            "with_grant_option": false
          },
          "sensitive_attributes": [],
          "private": "bnVsbA==",
          "dependencies": [
            "snowflake_database.simple",
            "snowflake_role.beta_role"
          ]
        }
      ]
    },
    {
      "mode": "managed",
      "type": "snowflake_grant_privileges_to_account_role",
      "name": "grant_wh_to_role",
      "provider": "provider[\"registry.terraform.io/snowflake-labs/snowflake\"].accountadmin",
      "instances": [
        {
          "schema_version": 0,
          "attributes": {
            "account_role_name": "BETA_DEVELOPER",
            "all_privileges": false,
            "always_apply": false,
            "always_apply_trigger": null,
            "id": "\"BETA_DEVELOPER\"|false|false|MODIFY,OPERATE,MONITOR|OnAccountObject|WAREHOUSE|\"BETA_WH\"",
            "on_account": false,
            "on_account_object": [
              {
                "object_name": "BETA_WH",
                "object_type": "WAREHOUSE"
              }
            ],
            "on_schema": [],
            "on_schema_object": [],
            "privileges": [
              "MODIFY",
              "MONITOR",
              "OPERATE"
            ],
            "with_grant_option": false
          },
          "sensitive_attributes": [],
          "private": "bnVsbA==",
          "dependencies": [
            "snowflake_role.beta_role",
            "snowflake_warehouse.warehouse_test"
          ]
        }
      ]
    },
    {
      "mode": "managed",
      "type": "snowflake_grant_privileges_to_account_role",
      "name": "schema",
      "provider": "provider[\"registry.terraform.io/snowflake-labs/snowflake\"].accountadmin",
      "instances": [
        {
          "schema_version": 0,
          "attributes": {
            "account_role_name": "BETA_DEVELOPER",
            "all_privileges": false,
            "always_apply": false,
            "always_apply_trigger": null,
            "id": "\"BETA_DEVELOPER\"|false|false|USAGE|OnSchema|OnSchema|\"BETA_DB_TEST\".\"TEST_SCHEMA\"",
            "on_account": false,
            "on_account_object": [],
            "on_schema": [
              {
                "all_schemas_in_database": "",
                "future_schemas_in_database": "",
                "schema_name": "\"BETA_DB_TEST\".\"TEST_SCHEMA\""
              }
            ],
            "on_schema_object": [],
            "privileges": [
              "USAGE"
            ],
            "with_grant_option": false
          },
          "sensitive_attributes": [],
          "private": "bnVsbA==",
          "dependencies": [
            "snowflake_database.simple",
            "snowflake_role.beta_role",
            "snowflake_schema.schema_example"
          ]
        }
      ]
    },
    {
      "mode": "managed",
      "type": "snowflake_role",
      "name": "beta_role",
      "provider": "provider[\"registry.terraform.io/snowflake-labs/snowflake\"].accountadmin",
      "instances": [
        {
          "schema_version": 0,
          "attributes": {
            "comment": "A role",
            "id": "BETA_DEVELOPER",
            "name": "BETA_DEVELOPER",
            "tag": []
          },
          "sensitive_attributes": [],
          "private": "bnVsbA=="
        }
      ]
    },
    {
      "mode": "managed",
      "type": "snowflake_schema",
      "name": "schema_example",
      "provider": "provider[\"registry.terraform.io/snowflake-labs/snowflake\"].accountadmin",
      "instances": [
        {
          "schema_version": 0,
          "attributes": {
            "comment": "",
            "data_retention_days": 1,
            "database": "BETA_DB_TEST",
            "id": "BETA_DB_TEST|TEST_SCHEMA",
            "is_managed": false,
            "is_transient": false,
            "name": "TEST_SCHEMA",
            "tag": []
          },
          "sensitive_attributes": [],
          "private": "bnVsbA==",
          "dependencies": [
            "snowflake_database.simple"
          ]
        }
      ]
    },
    {
      "mode": "managed",
      "type": "snowflake_stage",
      "name": "example_stage",
      "provider": "provider[\"registry.terraform.io/snowflake-labs/snowflake\"].accountadmin",
      "instances": [
        {
          "schema_version": 0,
          "attributes": {
            "aws_external_id": "",
            "comment": "",
            "copy_options": "",
            "credentials": null,
            "database": "BETA_DB_TEST",
            "directory": "ENABLE = true",
            "encryption": null,
            "file_format": "",
            "id": "BETA_DB_TEST|TEST_SCHEMA|EXAMPLE_STAGE_BETA",
            "name": "EXAMPLE_STAGE_BETA",
            "schema": "TEST_SCHEMA",
            "snowflake_iam_user": "",
            "storage_integration": "",
            "tag": [],
            "url": ""
          },
          "sensitive_attributes": [
            [
              {
                "type": "get_attr",
                "value": "credentials"
              }
            ]
          ],
          "private": "bnVsbA==",
          "dependencies": [
            "snowflake_database.simple",
            "snowflake_schema.schema_example"
          ]
        }
      ]
    },
    {
      "mode": "managed",
      "type": "snowflake_user",
      "name": "user_beta",
      "provider": "provider[\"registry.terraform.io/snowflake-labs/snowflake\"].accountadmin",
      "instances": [
        {
          "schema_version": 0,
          "attributes": {
            "comment": "A Snowflake user",
            "default_namespace": "",
            "default_role": "PUBLIC",
            "default_secondary_roles": [
              "ALL"
            ],
            "default_warehouse": "COMPUTE_WH",
            "disabled": false,
            "display_name": "TEST_USER",
            "email": "jonathan.sanchez@betanxt.com",
            "first_name": "",
            "has_rsa_public_key": false,
            "id": "TEST_USER",
            "last_name": "",
            "login_name": "USER",
            "must_change_password": false,
            "name": "TEST_USER",
            "password": "Password123",
            "rsa_public_key": null,
            "rsa_public_key_2": null
          },
          "sensitive_attributes": [
            [
              {
                "type": "get_attr",
                "value": "first_name"
              }
            ],
            [
              {
                "type": "get_attr",
                "value": "last_name"
              }
            ],
            [
              {
                "type": "get_attr",
                "value": "email"
              }
            ],
            [
              {
                "type": "get_attr",
                "value": "display_name"
              }
            ],
            [
              {
                "type": "get_attr",
                "value": "password"
              }
            ],
            [
              {
                "type": "get_attr",
                "value": "name"
              }
            ]
          ],
          "private": "bnVsbA=="
        }
      ]
    },
    {
      "mode": "managed",
      "type": "snowflake_warehouse",
      "name": "warehouse_test",
      "provider": "provider[\"registry.terraform.io/snowflake-labs/snowflake\"].accountadmin",
      "instances": [
        {
          "schema_version": 0,
          "attributes": {
            "auto_resume": true,
            "auto_suspend": 120,
            "comment": "The size of the WH can be changed",
            "enable_query_acceleration": false,
            "id": "BETA_WH",
            "initially_suspended": true,
            "max_cluster_count": 1,
            "max_concurrency_level": 8,
            "min_cluster_count": 1,
            "name": "BETA_WH",
            "query_acceleration_max_scale_factor": null,
            "resource_monitor": "null",
            "scaling_policy": "STANDARD",
            "statement_queued_timeout_in_seconds": 0,
            "statement_timeout_in_seconds": 172800,
            "wait_for_provisioning": null,
            "warehouse_size": "SMALL",
            "warehouse_type": "STANDARD"
          },
          "sensitive_attributes": [],
          "private": "bnVsbA=="
        }
      ]
    }
  ],
  "check_results": null
}
